
Microsoft Visual Studio Solution File, Format Version 12.00
# Visual Studio Version 17
VisualStudioVersion = 17.1.32228.430
MinimumVisualStudioVersion = 10.0.40219.1
Project("{9A19103F-16F7-4668-BE54-9A1E7A4F7556}") = "TasquesApp", "WinFormsApp1\TasquesApp.csproj", "{5A0ADAFA-BFDB-4692-8660-CF686626106E}"
EndProject
Project("{FAE04EC0-301F-11D3-BF4B-00C04F79EFBC}") = "TestProject", "TestProject\TestProject.csproj", "{B5C08C13-BE3C-4DC9-BB40-0ACBA33C2A95}"
	ProjectSection(ProjectDependencies) = postProject
		{5A0ADAFA-BFDB-4692-8660-CF686626106E} = {5A0ADAFA-BFDB-4692-8660-CF686626106E}
	EndProjectSection
EndProject
Global
	GlobalSection(SolutionConfigurationPlatforms) = preSolution
		Debug|Any CPU = Debug|Any CPU
		Release|Any CPU = Release|Any CPU
	EndGlobalSection
	GlobalSection(ProjectConfigurationPlatforms) = postSolution
		{5A0ADAFA-BFDB-4692-8660-CF686626106E}.Debug|Any CPU.ActiveCfg = Debug|Any CPU
		{5A0ADAFA-BFDB-4692-8660-CF686626106E}.Debug|Any CPU.Build.0 = Debug|Any CPU
		{5A0ADAFA-BFDB-4692-8660-CF686626106E}.Release|Any CPU.ActiveCfg = Release|Any CPU
		{5A0ADAFA-BFDB-4692-8660-CF686626106E}.Release|Any CPU.Build.0 = Release|Any CPU
		{B5C08C13-BE3C-4DC9-BB40-0ACBA33C2A95}.Debug|Any CPU.ActiveCfg = Debug|Any CPU
		{B5C08C13-BE3C-4DC9-BB40-0ACBA33C2A95}.Debug|Any CPU.Build.0 = Debug|Any CPU
		{B5C08C13-BE3C-4DC9-BB40-0ACBA33C2A95}.Release|Any CPU.ActiveCfg = Release|Any CPU
		{B5C08C13-BE3C-4DC9-BB40-0ACBA33C2A95}.Release|Any CPU.Build.0 = Release|Any CPU
	EndGlobalSection
	GlobalSection(SolutionProperties) = preSolution
		HideSolutionNode = FALSE
	EndGlobalSection
	GlobalSection(ExtensibilityGlobals) = postSolution
		SolutionGuid = {99742448-3CA8-4569-8AD0-AC5E9962C9C2}
	EndGlobalSection
EndGlobal
